// !$*UTF8*$!
{
	archiveVersion = 1;
	classes = {
	};
	objectVersion = 46;
	objects = {

/* Begin PBXBuildFile section */
		037DC1C21DF669930039122E /* main.m in Sources */ = {isa = PBXBuildFile; fileRef = 037DC1C11DF669930039122E /* main.m */; };
		037DC1C51DF669930039122E /* AppDelegate.m in Sources */ = {isa = PBXBuildFile; fileRef = 037DC1C41DF669930039122E /* AppDelegate.m */; };
		037DC1C81DF669930039122E /* ViewController.m in Sources */ = {isa = PBXBuildFile; fileRef = 037DC1C71DF669930039122E /* ViewController.m */; };
		037DC1CB1DF669930039122E /* Main.storyboard in Resources */ = {isa = PBXBuildFile; fileRef = 037DC1C91DF669930039122E /* Main.storyboard */; };
		037DC1CD1DF669930039122E /* Assets.xcassets in Resources */ = {isa = PBXBuildFile; fileRef = 037DC1CC1DF669930039122E /* Assets.xcassets */; };
		037DC1D01DF669930039122E /* LaunchScreen.storyboard in Resources */ = {isa = PBXBuildFile; fileRef = 037DC1CE1DF669930039122E /* LaunchScreen.storyboard */; };
/* End PBXBuildFile section */

/* Begin PBXFileReference section */
		037DC1BD1DF669930039122E /* SRMAPIHelper.app */ = {isa = PBXFileReference; explicitFileType = wrapper.application; includeInIndex = 0; path = SRMAPIHelper.app; sourceTree = BUILT_PRODUCTS_DIR; };
		037DC1C11DF669930039122E /* main.m */ = {isa = PBXFileReference; lastKnownFileType = sourcecode.c.objc; path = main.m; sourceTree = "<group>"; };
		037DC1C31DF669930039122E /* AppDelegate.h */ = {isa = PBXFileReference; lastKnownFileType = sourcecode.c.h; path = AppDelegate.h; sourceTree = "<group>"; };
		037DC1C41DF669930039122E /* AppDelegate.m */ = {isa = PBXFileReference; lastKnownFileType = sourcecode.c.objc; path = AppDelegate.m; sourceTree = "<group>"; };
		037DC1C61DF669930039122E /* ViewController.h */ = {isa = PBXFileReference; lastKnownFileType = sourcecode.c.h; path = ViewController.h; sourceTree = "<group>"; };
		037DC1C71DF669930039122E /* ViewController.m */ = {isa = PBXFileReference; lastKnownFileType = sourcecode.c.objc; path = ViewController.m; sourceTree = "<group>"; };
		037DC1CA1DF669930039122E /* Base */ = {isa = PBXFileReference; lastKnownFileType = file.storyboard; name = Base; path = Base.lproj/Main.storyboard; sourceTree = "<group>"; };
		037DC1CC1DF669930039122E /* Assets.xcassets */ = {isa = PBXFileReference; lastKnownFileType = folder.assetcatalog; path = Assets.xcassets; sourceTree = "<group>"; };
		037DC1CF1DF669930039122E /* Base */ = {isa = PBXFileReference; lastKnownFileType = file.storyboard; name = Base; path = Base.lproj/LaunchScreen.storyboard; sourceTree = "<group>"; };
		037DC1D11DF669930039122E /* Info.plist */ = {isa = PBXFileReference; lastKnownFileType = text.plist.xml; path = Info.plist; sourceTree = "<group>"; };
/* End PBXFileReference section */

/* Begin PBXFrameworksBuildPhase section */
		037DC1BA1DF669930039122E /* Frameworks */ = {
			isa = PBXFrameworksBuildPhase;
			buildActionMask = 2147483647;
			files = (
			);
			runOnlyForDeploymentPostprocessing = 0;
		};
/* End PBXFrameworksBuildPhase section */

/* Begin PBXGroup section */
		037DC1B41DF669930039122E = {
			isa = PBXGroup;
			children = (
				037DC1BF1DF669930039122E /* SRMAPIHelper */,
				037DC1BE1DF669930039122E /* Products */,
			);
			sourceTree = "<group>";
		};
		037DC1BE1DF669930039122E /* Products */ = {
			isa = PBXGroup;
			children = (
				037DC1BD1DF669930039122E /* SRMAPIHelper.app */,
			);
			name = Products;
			sourceTree = "<group>";
		};
		037DC1BF1DF669930039122E /* SRMAPIHelper */ = {
			isa = PBXGroup;
			children = (
				037DC1C31DF669930039122E /* AppDelegate.h */,
				037DC1C41DF669930039122E /* AppDelegate.m */,
				037DC1C61DF669930039122E /* ViewController.h */,
				037DC1C71DF669930039122E /* ViewController.m */,
				037DC1C91DF669930039122E /* Main.storyboard */,
				037DC1CC1DF669930039122E /* Assets.xcassets */,
				037DC1CE1DF669930039122E /* LaunchScreen.storyboard */,
				037DC1D11DF669930039122E /* Info.plist */,
				037DC1C01DF669930039122E /* Supporting Files */,
			);
			path = SRMAPIHelper;
			sourceTree = "<group>";
		};
		037DC1C01DF669930039122E /* Supporting Files */ = {
			isa = PBXGroup;
			children = (
				037DC1C11DF669930039122E /* main.m */,
			);
			name = "Supporting Files";
			sourceTree = "<group>";
		};
/* End PBXGroup section */

/* Begin PBXNativeTarget section */
		037DC1BC1DF669930039122E /* SRMAPIHelper */ = {
			isa = PBXNativeTarget;
			buildConfigurationList = 037DC1D41DF669930039122E /* Build configuration list for PBXNativeTarget "SRMAPIHelper" */;
			buildPhases = (
				037DC1B91DF669930039122E /* Sources */,
				037DC1BA1DF669930039122E /* Frameworks */,
				037DC1BB1DF669930039122E /* Resources */,
			);
			buildRules = (
			);
			dependencies = (
			);
			name = SRMAPIHelper;
			productName = SRMAPIHelper;
			productReference = 037DC1BD1DF669930039122E /* SRMAPIHelper.app */;
			productType = "com.apple.product-type.application";
		};
/* End PBXNativeTarget section */

/* Begin PBXProject section */
		037DC1B51DF669930039122E /* Project object */ = {
			isa = PBXProject;
			attributes = {
				LastUpgradeCheck = 0800;
				ORGANIZATIONNAME = S.R;
				TargetAttributes = {
					037DC1BC1DF669930039122E = {
						CreatedOnToolsVersion = 8.0;
						ProvisioningStyle = Automatic;
					};
				};
			};
			buildConfigurationList = 037DC1B81DF669930039122E /* Build configuration list for PBXProject "SRMAPIHelper" */;
			compatibilityVersion = "Xcode 3.2";
			developmentRegion = English;
			hasScannedForEncodings = 0;
			knownRegions = (
				en,
				Base,
			);
			mainGroup = 037DC1B41DF669930039122E;
			productRefGroup = 037DC1BE1DF669930039122E /* Products */;
			projectDirPath = "";
			projectRoot = "";
			targets = (
				037DC1BC1DF669930039122E /* SRMAPIHelper */,
			);
		};
/* End PBXProject section */

/* Begin PBXResourcesBuildPhase section */
		037DC1BB1DF669930039122E /* Resources */ = {
			isa = PBXResourcesBuildPhase;
			buildActionMask = 2147483647;
			files = (
				037DC1D01DF669930039122E /* LaunchScreen.storyboard in Resources */,
				037DC1CD1DF669930039122E /* Assets.xcassets in Resources */,
				037DC1CB1DF669930039122E /* Main.storyboard in Resources */,
			);
			runOnlyForDeploymentPostprocessing = 0;
		};
/* End PBXResourcesBuildPhase section */

/* Begin PBXSourcesBuildPhase section */
		037DC1B91DF669930039122E /* Sources */ = {
			isa = PBXSourcesBuildPhase;
			buildActionMask = 2147483647;
			files = (
				037DC1C81DF669930039122E /* ViewController.m in Sources */,
				037DC1C51DF669930039122E /* AppDelegate.m in Sources */,
				037DC1C21DF669930039122E /* main.m in Sources */,
			);
			runOnlyForDeploymentPostprocessing = 0;
		};
/* End PBXSourcesBuildPhase section */

/* Begin PBXVariantGroup section */
		037DC1C91DF669930039122E /* Main.storyboard */ = {
			isa = PBXVariantGroup;
			children = (
				037DC1CA1DF669930039122E /* Base */,
			);
			name = Main.storyboard;
			sourceTree = "<group>";
		};
		037DC1CE1DF669930039122E /* LaunchScreen.storyboard */ = {
			isa = PBXVariantGroup;
			children = (
				037DC1CF1DF669930039122E /* Base */,
			);
			name = LaunchScreen.storyboard;
			sourceTree = "<group>";
		};
/* End PBXVariantGroup section */

/* Begin XCBuildConfiguration section */
		037DC1D21DF669930039122E /* Debug */ = {
			isa = XCBuildConfiguration;
			buildSettings = {
				ALWAYS_SEARCH_USER_PATHS = NO;
				CLANG_ANALYZER_NONNULL = YES;
				CLANG_CXX_LANGUAGE_STANDARD = "gnu++0x";
				CLANG_CXX_LIBRARY = "libc++";
				CLANG_ENABLE_MODULES = YES;
				CLANG_ENABLE_OBJC_ARC = YES;
				CLANG_WARN_BOOL_CONVERSION = YES;
				CLANG_WARN_CONSTANT_CONVERSION = YES;
				CLANG_WARN_DIRECT_OBJC_ISA_USAGE = YES_ERROR;
				CLANG_WARN_DOCUMENTATION_COMMENTS = YES;
				CLANG_WARN_EMPTY_BODY = YES;
				CLANG_WARN_ENUM_CONVERSION = YES;
				CLANG_WARN_INFINITE_RECURSION = YES;
				CLANG_WARN_INT_CONVERSION = YES;
				CLANG_WARN_OBJC_ROOT_CLASS = YES_ERROR;
				CLANG_WARN_SUSPICIOUS_MOVES = YES;
				CLANG_WARN_UNREACHABLE_CODE = YES;
				CLANG_WARN__DUPLICATE_METHOD_MATCH = YES;
				"CODE_SIGN_IDENTITY[sdk=iphoneos*]" = "iPhone Developer";
				COPY_PHASE_STRIP = NO;
				DEBUG_INFORMATION_FORMAT = dwarf;
				ENABLE_STRICT_OBJC_MSGSEND = YES;
				ENABLE_TESTABILITY = YES;
				GCC_C_LANGUAGE_STANDARD = gnu99;
				GCC_DYNAMIC_NO_PIC = NO;
				GCC_NO_COMMON_BLOCKS = YES;
				GCC_OPTIMIZATION_LEVEL = 0;
				GCC_PREPROCESSOR_DEFINITIONS = (
					"DEBUG=1",
					"$(inherited)",
				);
				GCC_WARN_64_TO_32_BIT_CONVERSION = YES;
				GCC_WARN_ABOUT_RETURN_TYPE = YES_ERROR;
				GCC_WARN_UNDECLARED_SELECTOR = YES;
				GCC_WARN_UNINITIALIZED_AUTOS = YES_AGGRESSIVE;
				GCC_WARN_UNUSED_FUNCTION = YES;
				GCC_WARN_UNUSED_VARIABLE = YES;
				IPHONEOS_DEPLOYMENT_TARGET = 10.0;
				MTL_ENABLE_DEBUG_INFO = YES;
				ONLY_ACTIVE_ARCH = YES;
				SDKROOT = iphoneos;
				TARGETED_DEVICE_FAMILY = "1,2";
			};
			name = Debug;
		};
		037DC1D31DF669930039122E /* Release */ = {
			isa = XCBuildConfiguration;
			buildSettings = {
				ALWAYS_SEARCH_USER_PATHS = NO;
				CLANG_ANALYZER_NONNULL = YES;
				CLANG_CXX_LANGUAGE_STANDARD = "gnu++0x";
				CLANG_CXX_LIBRARY = "libc++";
				CLANG_ENABLE_MODULES = YES;
				CLANG_ENABLE_OBJC_ARC = YES;
				CLANG_WARN_BOOL_CONVERSION = YES;
				CLANG_WARN_CONSTANT_CONVERSION = YES;
				CLANG_WARN_DIRECT_OBJC_ISA_USAGE = YES_ERROR;
				CLANG_WARN_DOCUMENTATION_COMMENTS = YES;
				CLANG_WARN_EMPTY_BODY = YES;
				CLANG_WARN_ENUM_CONVERSION = YES;
				CLANG_WARN_INFINITE_RECURSION = YES;
				CLANG_WARN_INT_CONVERSION = YES;
				CLANG_WARN_OBJC_ROOT_CLASS = YES_ERROR;
				CLANG_WARN_SUSPICIOUS_MOVES = YES;
				CLANG_WARN_UNREACHABLE_CODE = YES;
				CLANG_WARN__DUPLICATE_METHOD_MATCH = YES;
				"CODE_SIGN_IDENTITY[sdk=iphoneos*]" = "iPhone Developer";
				COPY_PHASE_STRIP = NO;
				DEBUG_INFORMATION_FORMAT = "dwarf-with-dsym";
				ENABLE_NS_ASSERTIONS = NO;
				ENABLE_STRICT_OBJC_MSGSEND = YES;
				GCC_C_LANGUAGE_STANDARD = gnu99;
				GCC_NO_COMMON_BLOCKS = YES;
				GCC_WARN_64_TO_32_BIT_CONVERSION = YES;
				GCC_WARN_ABOUT_RETURN_TYPE = YES_ERROR;
				GCC_WARN_UNDECLARED_SELECTOR = YES;
				GCC_WARN_UNINITIALIZED_AUTOS = YES_AGGRESSIVE;
				GCC_WARN_UNUSED_FUNCTION = YES;
				GCC_WARN_UNUSED_VARIABLE = YES;
				IPHONEOS_DEPLOYMENT_TARGET = 10.0;
				MTL_ENABLE_DEBUG_INFO = NO;
				SDKROOT = iphoneos;
				TARGETED_DEVICE_FAMILY = "1,2";
				VALIDATE_PRODUCT = YES;
			};
			name = Release;
		};
		037DC1D51DF669930039122E /* Debug */ = {
			isa = XCBuildConfiguration;
			buildSettings = {
				ASSETCATALOG_COMPILER_APPICON_NAME = AppIcon;
				INFOPLIST_FILE = SRMAPIHelper/Info.plist;
				LD_RUNPATH_SEARCH_PATHS = "$(inherited) @executable_path/Frameworks";
				PRODUCT_BUNDLE_IDENTIFIER = com.sr.SRMAPIHelper;
				PRODUCT_NAME = "$(TARGET_NAME)";
			};
			name = Debug;
		};
		037DC1D61DF669930039122E /* Release */ = {
			isa = XCBuildConfiguration;
			buildSettings = {
				ASSETCATALOG_COMPILER_APPICON_NAME = AppIcon;
				INFOPLIST_FILE = SRMAPIHelper/Info.plist;
				LD_RUNPATH_SEARCH_PATHS = "$(inherited) @executable_path/Frameworks";
				PRODUCT_BUNDLE_IDENTIFIER = com.sr.SRMAPIHelper;
				PRODUCT_NAME = "$(TARGET_NAME)";
			};
			name = Release;
		};
/* End XCBuildConfiguration section */

/* Begin XCConfigurationList section */
		037DC1B81DF669930039122E /* Build configuration list for PBXProject "SRMAPIHelper" */ = {
			isa = XCConfigurationList;
			buildConfigurations = (
				037DC1D21DF669930039122E /* Debug */,
				037DC1D31DF669930039122E /* Release */,
			);
			defaultConfigurationIsVisible = 0;
			defaultConfigurationName = Release;
		};
		037DC1D41DF669930039122E /* Build configuration list for PBXNativeTarget "SRMAPIHelper" */ = {
			isa = XCConfigurationList;
			buildConfigurations = (
				037DC1D51DF669930039122E /* Debug */,
				037DC1D61DF669930039122E /* Release */,
			);
			defaultConfigurationIsVisible = 0;
		};
/* End XCConfigurationList section */
	};
	rootObject = 037DC1B51DF669930039122E /* Project object */;
}
