// !$*UTF8*$!
{
	archiveVersion = 1;
	classes = {
	};
	objectVersion = 46;
	objects = {

/* Begin PBXBuildFile section */
		032DF3591E08DCD300AC2B5C /* NSString+Empty.m in Sources */ = {isa = PBXBuildFile; fileRef = 032DF3581E08DCD300AC2B5C /* NSString+Empty.m */; };
		032DF35C1E0A1D6D00AC2B5C /* LocalizableAPIManagerErrorMessage.strings in Resources */ = {isa = PBXBuildFile; fileRef = 032DF35B1E0A1D6D00AC2B5C /* LocalizableAPIManagerErrorMessage.strings */; };
		032DF35F1E0A22B600AC2B5C /* NSBundle+Localization.m in Sources */ = {isa = PBXBuildFile; fileRef = 032DF35E1E0A22B600AC2B5C /* NSBundle+Localization.m */; };
		032DF3631E0A7A1B00AC2B5C /* SRMPagingAPIManager.m in Sources */ = {isa = PBXBuildFile; fileRef = 032DF3621E0A7A1B00AC2B5C /* SRMPagingAPIManager.m */; };
		032DF36B1E0A867500AC2B5C /* SRMAPIHelperTests.m in Sources */ = {isa = PBXBuildFile; fileRef = 032DF36A1E0A867500AC2B5C /* SRMAPIHelperTests.m */; };
		032DF3731E0B62B000AC2B5C /* SRMAPIProxyTests.m in Sources */ = {isa = PBXBuildFile; fileRef = 032DF3721E0B62B000AC2B5C /* SRMAPIProxyTests.m */; };
		037DC1C21DF669930039122E /* main.m in Sources */ = {isa = PBXBuildFile; fileRef = 037DC1C11DF669930039122E /* main.m */; };
		037DC1C51DF669930039122E /* AppDelegate.m in Sources */ = {isa = PBXBuildFile; fileRef = 037DC1C41DF669930039122E /* AppDelegate.m */; };
		037DC1C81DF669930039122E /* ViewController.m in Sources */ = {isa = PBXBuildFile; fileRef = 037DC1C71DF669930039122E /* ViewController.m */; };
		037DC1CB1DF669930039122E /* Main.storyboard in Resources */ = {isa = PBXBuildFile; fileRef = 037DC1C91DF669930039122E /* Main.storyboard */; };
		037DC1CD1DF669930039122E /* Assets.xcassets in Resources */ = {isa = PBXBuildFile; fileRef = 037DC1CC1DF669930039122E /* Assets.xcassets */; };
		037DC1D01DF669930039122E /* LaunchScreen.storyboard in Resources */ = {isa = PBXBuildFile; fileRef = 037DC1CE1DF669930039122E /* LaunchScreen.storyboard */; };
		037DC1DB1DF6745D0039122E /* SRMAPIProxy.m in Sources */ = {isa = PBXBuildFile; fileRef = 037DC1DA1DF6745D0039122E /* SRMAPIProxy.m */; };
		037DC20E1DFE83D20039122E /* SRMAPILogger.m in Sources */ = {isa = PBXBuildFile; fileRef = 037DC20D1DFE83D20039122E /* SRMAPILogger.m */; };
		C384B7D383421617977656C9 /* libPods-SRMAPIHelper.a in Frameworks */ = {isa = PBXBuildFile; fileRef = 1489E693B9282BAA43418439 /* libPods-SRMAPIHelper.a */; };
		EBECD63A97D2E89BE21FF389 /* SRMAPIConfigurator.m in Sources */ = {isa = PBXBuildFile; fileRef = EBECD38591B4FFC7F1C32D5C /* SRMAPIConfigurator.m */; };
		EBECD7107AA189E0250850F1 /* SRMBaseAPIManager.m in Sources */ = {isa = PBXBuildFile; fileRef = EBECD1AEB971C25EB2DD685F /* SRMBaseAPIManager.m */; };
/* End PBXBuildFile section */

/* Begin PBXContainerItemProxy section */
		032DF36D1E0A867500AC2B5C /* PBXContainerItemProxy */ = {
			isa = PBXContainerItemProxy;
			containerPortal = 037DC1B51DF669930039122E /* Project object */;
			proxyType = 1;
			remoteGlobalIDString = 037DC1BC1DF669930039122E;
			remoteInfo = SRMAPIHelper;
		};
/* End PBXContainerItemProxy section */

/* Begin PBXFileReference section */
		032DF3571E08DCD300AC2B5C /* NSString+Empty.h */ = {isa = PBXFileReference; fileEncoding = 4; lastKnownFileType = sourcecode.c.h; path = "NSString+Empty.h"; sourceTree = "<group>"; };
		032DF3581E08DCD300AC2B5C /* NSString+Empty.m */ = {isa = PBXFileReference; fileEncoding = 4; lastKnownFileType = sourcecode.c.objc; path = "NSString+Empty.m"; sourceTree = "<group>"; };
		032DF35B1E0A1D6D00AC2B5C /* LocalizableAPIManagerErrorMessage.strings */ = {isa = PBXFileReference; fileEncoding = 4; lastKnownFileType = text.plist.strings; path = LocalizableAPIManagerErrorMessage.strings; sourceTree = "<group>"; };
		032DF35D1E0A22B600AC2B5C /* NSBundle+Localization.h */ = {isa = PBXFileReference; fileEncoding = 4; lastKnownFileType = sourcecode.c.h; path = "NSBundle+Localization.h"; sourceTree = "<group>"; };
		032DF35E1E0A22B600AC2B5C /* NSBundle+Localization.m */ = {isa = PBXFileReference; fileEncoding = 4; lastKnownFileType = sourcecode.c.objc; path = "NSBundle+Localization.m"; sourceTree = "<group>"; };
		032DF3601E0A787C00AC2B5C /* SRMAPIHelper.h */ = {isa = PBXFileReference; lastKnownFileType = sourcecode.c.h; path = SRMAPIHelper.h; sourceTree = "<group>"; };
		032DF3611E0A7A1B00AC2B5C /* SRMPagingAPIManager.h */ = {isa = PBXFileReference; fileEncoding = 4; lastKnownFileType = sourcecode.c.h; path = SRMPagingAPIManager.h; sourceTree = "<group>"; };
		032DF3621E0A7A1B00AC2B5C /* SRMPagingAPIManager.m */ = {isa = PBXFileReference; fileEncoding = 4; lastKnownFileType = sourcecode.c.objc; path = SRMPagingAPIManager.m; sourceTree = "<group>"; };
		032DF3681E0A867400AC2B5C /* SRMAPIHelperTests.xctest */ = {isa = PBXFileReference; explicitFileType = wrapper.cfbundle; includeInIndex = 0; path = SRMAPIHelperTests.xctest; sourceTree = BUILT_PRODUCTS_DIR; };
		032DF36A1E0A867500AC2B5C /* SRMAPIHelperTests.m */ = {isa = PBXFileReference; lastKnownFileType = sourcecode.c.objc; path = SRMAPIHelperTests.m; sourceTree = "<group>"; };
		032DF36C1E0A867500AC2B5C /* Info.plist */ = {isa = PBXFileReference; lastKnownFileType = text.plist.xml; path = Info.plist; sourceTree = "<group>"; };
		032DF3721E0B62B000AC2B5C /* SRMAPIProxyTests.m */ = {isa = PBXFileReference; fileEncoding = 4; lastKnownFileType = sourcecode.c.objc; path = SRMAPIProxyTests.m; sourceTree = "<group>"; };
		037DC1BD1DF669930039122E /* SRMAPIHelper.app */ = {isa = PBXFileReference; explicitFileType = wrapper.application; includeInIndex = 0; path = SRMAPIHelper.app; sourceTree = BUILT_PRODUCTS_DIR; };
		037DC1C11DF669930039122E /* main.m */ = {isa = PBXFileReference; lastKnownFileType = sourcecode.c.objc; path = main.m; sourceTree = "<group>"; };
		037DC1C31DF669930039122E /* AppDelegate.h */ = {isa = PBXFileReference; lastKnownFileType = sourcecode.c.h; path = AppDelegate.h; sourceTree = "<group>"; };
		037DC1C41DF669930039122E /* AppDelegate.m */ = {isa = PBXFileReference; lastKnownFileType = sourcecode.c.objc; path = AppDelegate.m; sourceTree = "<group>"; };
		037DC1C61DF669930039122E /* ViewController.h */ = {isa = PBXFileReference; lastKnownFileType = sourcecode.c.h; path = ViewController.h; sourceTree = "<group>"; };
		037DC1C71DF669930039122E /* ViewController.m */ = {isa = PBXFileReference; lastKnownFileType = sourcecode.c.objc; path = ViewController.m; sourceTree = "<group>"; };
		037DC1CA1DF669930039122E /* Base */ = {isa = PBXFileReference; lastKnownFileType = file.storyboard; name = Base; path = Base.lproj/Main.storyboard; sourceTree = "<group>"; };
		037DC1CC1DF669930039122E /* Assets.xcassets */ = {isa = PBXFileReference; lastKnownFileType = folder.assetcatalog; path = Assets.xcassets; sourceTree = "<group>"; };
		037DC1CF1DF669930039122E /* Base */ = {isa = PBXFileReference; lastKnownFileType = file.storyboard; name = Base; path = Base.lproj/LaunchScreen.storyboard; sourceTree = "<group>"; };
		037DC1D11DF669930039122E /* Info.plist */ = {isa = PBXFileReference; lastKnownFileType = text.plist.xml; path = Info.plist; sourceTree = "<group>"; };
		037DC1D91DF6745D0039122E /* SRMAPIProxy.h */ = {isa = PBXFileReference; fileEncoding = 4; lastKnownFileType = sourcecode.c.h; path = SRMAPIProxy.h; sourceTree = "<group>"; };
		037DC1DA1DF6745D0039122E /* SRMAPIProxy.m */ = {isa = PBXFileReference; fileEncoding = 4; lastKnownFileType = sourcecode.c.objc; path = SRMAPIProxy.m; sourceTree = "<group>"; };
		037DC20C1DFE83D20039122E /* SRMAPILogger.h */ = {isa = PBXFileReference; fileEncoding = 4; lastKnownFileType = sourcecode.c.h; path = SRMAPILogger.h; sourceTree = "<group>"; };
		037DC20D1DFE83D20039122E /* SRMAPILogger.m */ = {isa = PBXFileReference; fileEncoding = 4; lastKnownFileType = sourcecode.c.objc; path = SRMAPILogger.m; sourceTree = "<group>"; };
		1489E693B9282BAA43418439 /* libPods-SRMAPIHelper.a */ = {isa = PBXFileReference; explicitFileType = archive.ar; includeInIndex = 0; path = "libPods-SRMAPIHelper.a"; sourceTree = BUILT_PRODUCTS_DIR; };
		8914D75DB0693DC0E4EC2DC0 /* Pods-SRMAPIHelper.release.xcconfig */ = {isa = PBXFileReference; includeInIndex = 1; lastKnownFileType = text.xcconfig; name = "Pods-SRMAPIHelper.release.xcconfig"; path = "Pods/Target Support Files/Pods-SRMAPIHelper/Pods-SRMAPIHelper.release.xcconfig"; sourceTree = "<group>"; };
		A8E63CD244BD2C08931B3305 /* Pods-SRMAPIHelper.debug.xcconfig */ = {isa = PBXFileReference; includeInIndex = 1; lastKnownFileType = text.xcconfig; name = "Pods-SRMAPIHelper.debug.xcconfig"; path = "Pods/Target Support Files/Pods-SRMAPIHelper/Pods-SRMAPIHelper.debug.xcconfig"; sourceTree = "<group>"; };
		EBECD1AEB971C25EB2DD685F /* SRMBaseAPIManager.m */ = {isa = PBXFileReference; fileEncoding = 4; lastKnownFileType = sourcecode.c.objc; path = SRMBaseAPIManager.m; sourceTree = "<group>"; };
		EBECD1C801D645D30A4B6EDB /* SRMAPIConfigurator.h */ = {isa = PBXFileReference; fileEncoding = 4; lastKnownFileType = sourcecode.c.h; path = SRMAPIConfigurator.h; sourceTree = "<group>"; };
		EBECD38591B4FFC7F1C32D5C /* SRMAPIConfigurator.m */ = {isa = PBXFileReference; fileEncoding = 4; lastKnownFileType = sourcecode.c.objc; path = SRMAPIConfigurator.m; sourceTree = "<group>"; };
		EBECDE5C4C5A1B80BA5B0230 /* SRMBaseAPIManager.h */ = {isa = PBXFileReference; fileEncoding = 4; lastKnownFileType = sourcecode.c.h; path = SRMBaseAPIManager.h; sourceTree = "<group>"; };
/* End PBXFileReference section */

/* Begin PBXFrameworksBuildPhase section */
		032DF3651E0A867400AC2B5C /* Frameworks */ = {
			isa = PBXFrameworksBuildPhase;
			buildActionMask = 2147483647;
			files = (
			);
			runOnlyForDeploymentPostprocessing = 0;
		};
		037DC1BA1DF669930039122E /* Frameworks */ = {
			isa = PBXFrameworksBuildPhase;
			buildActionMask = 2147483647;
			files = (
				C384B7D383421617977656C9 /* libPods-SRMAPIHelper.a in Frameworks */,
			);
			runOnlyForDeploymentPostprocessing = 0;
		};
/* End PBXFrameworksBuildPhase section */

/* Begin PBXGroup section */
		032DF3561E08DCC600AC2B5C /* Category */ = {
			isa = PBXGroup;
			children = (
				032DF3571E08DCD300AC2B5C /* NSString+Empty.h */,
				032DF3581E08DCD300AC2B5C /* NSString+Empty.m */,
				032DF35D1E0A22B600AC2B5C /* NSBundle+Localization.h */,
				032DF35E1E0A22B600AC2B5C /* NSBundle+Localization.m */,
			);
			path = Category;
			sourceTree = "<group>";
		};
		032DF35A1E0A1C8200AC2B5C /* Resource */ = {
			isa = PBXGroup;
			children = (
				032DF35B1E0A1D6D00AC2B5C /* LocalizableAPIManagerErrorMessage.strings */,
			);
			path = Resource;
			sourceTree = "<group>";
		};
		032DF3691E0A867500AC2B5C /* SRMAPIHelperTests */ = {
			isa = PBXGroup;
			children = (
				032DF36A1E0A867500AC2B5C /* SRMAPIHelperTests.m */,
				032DF3721E0B62B000AC2B5C /* SRMAPIProxyTests.m */,
				032DF36C1E0A867500AC2B5C /* Info.plist */,
			);
			path = SRMAPIHelperTests;
			sourceTree = "<group>";
		};
		037DC1B41DF669930039122E = {
			isa = PBXGroup;
			children = (
				037DC1BF1DF669930039122E /* SRMAPIHelper */,
				032DF3691E0A867500AC2B5C /* SRMAPIHelperTests */,
				037DC1BE1DF669930039122E /* Products */,
				7A6028D31EF839EEC9631E71 /* Pods */,
				8474887D6E3F686D498151CB /* Frameworks */,
			);
			sourceTree = "<group>";
		};
		037DC1BE1DF669930039122E /* Products */ = {
			isa = PBXGroup;
			children = (
				037DC1BD1DF669930039122E /* SRMAPIHelper.app */,
				032DF3681E0A867400AC2B5C /* SRMAPIHelperTests.xctest */,
			);
			name = Products;
			sourceTree = "<group>";
		};
		037DC1BF1DF669930039122E /* SRMAPIHelper */ = {
			isa = PBXGroup;
			children = (
				037DC1D71DF6737E0039122E /* Helper */,
				037DC1C31DF669930039122E /* AppDelegate.h */,
				037DC1C41DF669930039122E /* AppDelegate.m */,
				037DC1C61DF669930039122E /* ViewController.h */,
				037DC1C71DF669930039122E /* ViewController.m */,
				037DC1C91DF669930039122E /* Main.storyboard */,
				037DC1CC1DF669930039122E /* Assets.xcassets */,
				037DC1CE1DF669930039122E /* LaunchScreen.storyboard */,
				037DC1D11DF669930039122E /* Info.plist */,
				037DC1C01DF669930039122E /* Supporting Files */,
			);
			path = SRMAPIHelper;
			sourceTree = "<group>";
		};
		037DC1C01DF669930039122E /* Supporting Files */ = {
			isa = PBXGroup;
			children = (
				037DC1C11DF669930039122E /* main.m */,
			);
			name = "Supporting Files";
			sourceTree = "<group>";
		};
		037DC1D71DF6737E0039122E /* Helper */ = {
			isa = PBXGroup;
			children = (
				032DF3601E0A787C00AC2B5C /* SRMAPIHelper.h */,
				EBECD45183FA9068F4ADEE0E /* Manager */,
				037DC1D81DF6737E0039122E /* Proxy */,
				EBECD973E6626271DD8A37E7 /* Configurator */,
				037DC20B1DFE83AB0039122E /* Log */,
				032DF3561E08DCC600AC2B5C /* Category */,
				032DF35A1E0A1C8200AC2B5C /* Resource */,
			);
			path = Helper;
			sourceTree = "<group>";
		};
		037DC1D81DF6737E0039122E /* Proxy */ = {
			isa = PBXGroup;
			children = (
				037DC1D91DF6745D0039122E /* SRMAPIProxy.h */,
				037DC1DA1DF6745D0039122E /* SRMAPIProxy.m */,
			);
			path = Proxy;
			sourceTree = "<group>";
		};
		037DC20B1DFE83AB0039122E /* Log */ = {
			isa = PBXGroup;
			children = (
				037DC20C1DFE83D20039122E /* SRMAPILogger.h */,
				037DC20D1DFE83D20039122E /* SRMAPILogger.m */,
			);
			path = Log;
			sourceTree = "<group>";
		};
		7A6028D31EF839EEC9631E71 /* Pods */ = {
			isa = PBXGroup;
			children = (
				A8E63CD244BD2C08931B3305 /* Pods-SRMAPIHelper.debug.xcconfig */,
				8914D75DB0693DC0E4EC2DC0 /* Pods-SRMAPIHelper.release.xcconfig */,
			);
			name = Pods;
			sourceTree = "<group>";
		};
		8474887D6E3F686D498151CB /* Frameworks */ = {
			isa = PBXGroup;
			children = (
				1489E693B9282BAA43418439 /* libPods-SRMAPIHelper.a */,
			);
			name = Frameworks;
			sourceTree = "<group>";
		};
		EBECD45183FA9068F4ADEE0E /* Manager */ = {
			isa = PBXGroup;
			children = (
				EBECDE5C4C5A1B80BA5B0230 /* SRMBaseAPIManager.h */,
				EBECD1AEB971C25EB2DD685F /* SRMBaseAPIManager.m */,
				032DF3611E0A7A1B00AC2B5C /* SRMPagingAPIManager.h */,
				032DF3621E0A7A1B00AC2B5C /* SRMPagingAPIManager.m */,
			);
			path = Manager;
			sourceTree = "<group>";
		};
		EBECD973E6626271DD8A37E7 /* Configurator */ = {
			isa = PBXGroup;
			children = (
				EBECD1C801D645D30A4B6EDB /* SRMAPIConfigurator.h */,
				EBECD38591B4FFC7F1C32D5C /* SRMAPIConfigurator.m */,
			);
			path = Configurator;
			sourceTree = "<group>";
		};
/* End PBXGroup section */

/* Begin PBXNativeTarget section */
		032DF3671E0A867400AC2B5C /* SRMAPIHelperTests */ = {
			isa = PBXNativeTarget;
			buildConfigurationList = 032DF36F1E0A867500AC2B5C /* Build configuration list for PBXNativeTarget "SRMAPIHelperTests" */;
			buildPhases = (
				032DF3641E0A867400AC2B5C /* Sources */,
				032DF3651E0A867400AC2B5C /* Frameworks */,
				032DF3661E0A867400AC2B5C /* Resources */,
			);
			buildRules = (
			);
			dependencies = (
				032DF36E1E0A867500AC2B5C /* PBXTargetDependency */,
			);
			name = SRMAPIHelperTests;
			productName = SRMAPIHelperTests;
			productReference = 032DF3681E0A867400AC2B5C /* SRMAPIHelperTests.xctest */;
			productType = "com.apple.product-type.bundle.unit-test";
		};
		037DC1BC1DF669930039122E /* SRMAPIHelper */ = {
			isa = PBXNativeTarget;
			buildConfigurationList = 037DC1D41DF669930039122E /* Build configuration list for PBXNativeTarget "SRMAPIHelper" */;
			buildPhases = (
				1D398DC329E2280CBBE3621B /* [CP] Check Pods Manifest.lock */,
				037DC1B91DF669930039122E /* Sources */,
				037DC1BA1DF669930039122E /* Frameworks */,
				037DC1BB1DF669930039122E /* Resources */,
				AA2681F55F4A73B2CFE9D435 /* [CP] Embed Pods Frameworks */,
				3E2B6500C93DC9C1A94D737D /* [CP] Copy Pods Resources */,
			);
			buildRules = (
			);
			dependencies = (
			);
			name = SRMAPIHelper;
			productName = SRMAPIHelper;
			productReference = 037DC1BD1DF669930039122E /* SRMAPIHelper.app */;
			productType = "com.apple.product-type.application";
		};
/* End PBXNativeTarget section */

/* Begin PBXProject section */
		037DC1B51DF669930039122E /* Project object */ = {
			isa = PBXProject;
			attributes = {
				LastUpgradeCheck = 0800;
				ORGANIZATIONNAME = S.R;
				TargetAttributes = {
					032DF3671E0A867400AC2B5C = {
						CreatedOnToolsVersion = 8.0;
						ProvisioningStyle = Automatic;
						TestTargetID = 037DC1BC1DF669930039122E;
					};
					037DC1BC1DF669930039122E = {
						CreatedOnToolsVersion = 8.0;
						ProvisioningStyle = Automatic;
					};
				};
			};
			buildConfigurationList = 037DC1B81DF669930039122E /* Build configuration list for PBXProject "SRMAPIHelper" */;
			compatibilityVersion = "Xcode 3.2";
			developmentRegion = English;
			hasScannedForEncodings = 0;
			knownRegions = (
				en,
				Base,
			);
			mainGroup = 037DC1B41DF669930039122E;
			productRefGroup = 037DC1BE1DF669930039122E /* Products */;
			projectDirPath = "";
			projectRoot = "";
			targets = (
				037DC1BC1DF669930039122E /* SRMAPIHelper */,
				032DF3671E0A867400AC2B5C /* SRMAPIHelperTests */,
			);
		};
/* End PBXProject section */

/* Begin PBXResourcesBuildPhase section */
		032DF3661E0A867400AC2B5C /* Resources */ = {
			isa = PBXResourcesBuildPhase;
			buildActionMask = 2147483647;
			files = (
			);
			runOnlyForDeploymentPostprocessing = 0;
		};
		037DC1BB1DF669930039122E /* Resources */ = {
			isa = PBXResourcesBuildPhase;
			buildActionMask = 2147483647;
			files = (
				037DC1D01DF669930039122E /* LaunchScreen.storyboard in Resources */,
				037DC1CD1DF669930039122E /* Assets.xcassets in Resources */,
				037DC1CB1DF669930039122E /* Main.storyboard in Resources */,
				032DF35C1E0A1D6D00AC2B5C /* LocalizableAPIManagerErrorMessage.strings in Resources */,
			);
			runOnlyForDeploymentPostprocessing = 0;
		};
/* End PBXResourcesBuildPhase section */

/* Begin PBXShellScriptBuildPhase section */
		1D398DC329E2280CBBE3621B /* [CP] Check Pods Manifest.lock */ = {
			isa = PBXShellScriptBuildPhase;
			buildActionMask = 2147483647;
			files = (
			);
			inputPaths = (
			);
			name = "[CP] Check Pods Manifest.lock";
			outputPaths = (
			);
			runOnlyForDeploymentPostprocessing = 0;
			shellPath = /bin/sh;
			shellScript = "diff \"${PODS_ROOT}/../Podfile.lock\" \"${PODS_ROOT}/Manifest.lock\" > /dev/null\nif [ $? != 0 ] ; then\n    # print error to STDERR\n    echo \"error: The sandbox is not in sync with the Podfile.lock. Run 'pod install' or update your CocoaPods installation.\" >&2\n    exit 1\nfi\n";
			showEnvVarsInLog = 0;
		};
		3E2B6500C93DC9C1A94D737D /* [CP] Copy Pods Resources */ = {
			isa = PBXShellScriptBuildPhase;
			buildActionMask = 2147483647;
			files = (
			);
			inputPaths = (
			);
			name = "[CP] Copy Pods Resources";
			outputPaths = (
			);
			runOnlyForDeploymentPostprocessing = 0;
			shellPath = /bin/sh;
			shellScript = "\"${SRCROOT}/Pods/Target Support Files/Pods-SRMAPIHelper/Pods-SRMAPIHelper-resources.sh\"\n";
			showEnvVarsInLog = 0;
		};
		AA2681F55F4A73B2CFE9D435 /* [CP] Embed Pods Frameworks */ = {
			isa = PBXShellScriptBuildPhase;
			buildActionMask = 2147483647;
			files = (
			);
			inputPaths = (
			);
			name = "[CP] Embed Pods Frameworks";
			outputPaths = (
			);
			runOnlyForDeploymentPostprocessing = 0;
			shellPath = /bin/sh;
			shellScript = "\"${SRCROOT}/Pods/Target Support Files/Pods-SRMAPIHelper/Pods-SRMAPIHelper-frameworks.sh\"\n";
			showEnvVarsInLog = 0;
		};
/* End PBXShellScriptBuildPhase section */

/* Begin PBXSourcesBuildPhase section */
		032DF3641E0A867400AC2B5C /* Sources */ = {
			isa = PBXSourcesBuildPhase;
			buildActionMask = 2147483647;
			files = (
				032DF3731E0B62B000AC2B5C /* SRMAPIProxyTests.m in Sources */,
				032DF36B1E0A867500AC2B5C /* SRMAPIHelperTests.m in Sources */,
			);
			runOnlyForDeploymentPostprocessing = 0;
		};
		037DC1B91DF669930039122E /* Sources */ = {
			isa = PBXSourcesBuildPhase;
			buildActionMask = 2147483647;
			files = (
				037DC1C81DF669930039122E /* ViewController.m in Sources */,
				037DC1C51DF669930039122E /* AppDelegate.m in Sources */,
				037DC1DB1DF6745D0039122E /* SRMAPIProxy.m in Sources */,
				032DF3631E0A7A1B00AC2B5C /* SRMPagingAPIManager.m in Sources */,
				037DC1C21DF669930039122E /* main.m in Sources */,
				032DF35F1E0A22B600AC2B5C /* NSBundle+Localization.m in Sources */,
				EBECD63A97D2E89BE21FF389 /* SRMAPIConfigurator.m in Sources */,
				032DF3591E08DCD300AC2B5C /* NSString+Empty.m in Sources */,
				037DC20E1DFE83D20039122E /* SRMAPILogger.m in Sources */,
				EBECD7107AA189E0250850F1 /* SRMBaseAPIManager.m in Sources */,
			);
			runOnlyForDeploymentPostprocessing = 0;
		};
/* End PBXSourcesBuildPhase section */

/* Begin PBXTargetDependency section */
		032DF36E1E0A867500AC2B5C /* PBXTargetDependency */ = {
			isa = PBXTargetDependency;
			target = 037DC1BC1DF669930039122E /* SRMAPIHelper */;
			targetProxy = 032DF36D1E0A867500AC2B5C /* PBXContainerItemProxy */;
		};
/* End PBXTargetDependency section */

/* Begin PBXVariantGroup section */
		037DC1C91DF669930039122E /* Main.storyboard */ = {
			isa = PBXVariantGroup;
			children = (
				037DC1CA1DF669930039122E /* Base */,
			);
			name = Main.storyboard;
			sourceTree = "<group>";
		};
		037DC1CE1DF669930039122E /* LaunchScreen.storyboard */ = {
			isa = PBXVariantGroup;
			children = (
				037DC1CF1DF669930039122E /* Base */,
			);
			name = LaunchScreen.storyboard;
			sourceTree = "<group>";
		};
/* End PBXVariantGroup section */

/* Begin XCBuildConfiguration section */
		032DF3701E0A867500AC2B5C /* Debug */ = {
			isa = XCBuildConfiguration;
			buildSettings = {
				BUNDLE_LOADER = "$(TEST_HOST)";
				HEADER_SEARCH_PATHS = (
					"$(inherited)",
					"\"${PODS_ROOT}/Headers/Public\"",
					"\"${PODS_ROOT}/Headers/Public/AFNetworking\"",
					"\"${PODS_ROOT}/Headers/Public/OHHTTPStubs\"",
				);
				INFOPLIST_FILE = SRMAPIHelperTests/Info.plist;
				LD_RUNPATH_SEARCH_PATHS = "$(inherited) @executable_path/Frameworks @loader_path/Frameworks";
				NEW_SETTING = "";
				PODS_ROOT = "${SRCROOT}/Pods";
				PRODUCT_BUNDLE_IDENTIFIER = com.sr.SRMAPIHelperTests;
				PRODUCT_NAME = "$(TARGET_NAME)";
				TEST_HOST = "$(BUILT_PRODUCTS_DIR)/SRMAPIHelper.app/SRMAPIHelper";
			};
			name = Debug;
		};
		032DF3711E0A867500AC2B5C /* Release */ = {
			isa = XCBuildConfiguration;
			buildSettings = {
				BUNDLE_LOADER = "$(TEST_HOST)";
				HEADER_SEARCH_PATHS = (
					"$(inherited)",
					"\"${PODS_ROOT}/Headers/Public\"",
					"\"${PODS_ROOT}/Headers/Public/AFNetworking\"",
					"\"${PODS_ROOT}/Headers/Public/OHHTTPStubs\"",
				);
				INFOPLIST_FILE = SRMAPIHelperTests/Info.plist;
				LD_RUNPATH_SEARCH_PATHS = "$(inherited) @executable_path/Frameworks @loader_path/Frameworks";
				NEW_SETTING = "";
				PODS_ROOT = "${SRCROOT}/Pods";
				PRODUCT_BUNDLE_IDENTIFIER = com.sr.SRMAPIHelperTests;
				PRODUCT_NAME = "$(TARGET_NAME)";
				TEST_HOST = "$(BUILT_PRODUCTS_DIR)/SRMAPIHelper.app/SRMAPIHelper";
			};
			name = Release;
		};
		037DC1D21DF669930039122E /* Debug */ = {
			isa = XCBuildConfiguration;
			buildSettings = {
				ALWAYS_SEARCH_USER_PATHS = NO;
				CLANG_ANALYZER_NONNULL = YES;
				CLANG_CXX_LANGUAGE_STANDARD = "gnu++0x";
				CLANG_CXX_LIBRARY = "libc++";
				CLANG_ENABLE_MODULES = YES;
				CLANG_ENABLE_OBJC_ARC = YES;
				CLANG_WARN_BOOL_CONVERSION = YES;
				CLANG_WARN_CONSTANT_CONVERSION = YES;
				CLANG_WARN_DIRECT_OBJC_ISA_USAGE = YES_ERROR;
				CLANG_WARN_DOCUMENTATION_COMMENTS = YES;
				CLANG_WARN_EMPTY_BODY = YES;
				CLANG_WARN_ENUM_CONVERSION = YES;
				CLANG_WARN_INFINITE_RECURSION = YES;
				CLANG_WARN_INT_CONVERSION = YES;
				CLANG_WARN_OBJC_ROOT_CLASS = YES_ERROR;
				CLANG_WARN_SUSPICIOUS_MOVES = YES;
				CLANG_WARN_UNREACHABLE_CODE = YES;
				CLANG_WARN__DUPLICATE_METHOD_MATCH = YES;
				"CODE_SIGN_IDENTITY[sdk=iphoneos*]" = "iPhone Developer";
				COPY_PHASE_STRIP = NO;
				DEBUG_INFORMATION_FORMAT = dwarf;
				ENABLE_STRICT_OBJC_MSGSEND = YES;
				ENABLE_TESTABILITY = YES;
				GCC_C_LANGUAGE_STANDARD = gnu99;
				GCC_DYNAMIC_NO_PIC = NO;
				GCC_NO_COMMON_BLOCKS = YES;
				GCC_OPTIMIZATION_LEVEL = 0;
				GCC_PREPROCESSOR_DEFINITIONS = (
					"DEBUG=1",
					"$(inherited)",
				);
				GCC_WARN_64_TO_32_BIT_CONVERSION = YES;
				GCC_WARN_ABOUT_RETURN_TYPE = YES_ERROR;
				GCC_WARN_UNDECLARED_SELECTOR = YES;
				GCC_WARN_UNINITIALIZED_AUTOS = YES_AGGRESSIVE;
				GCC_WARN_UNUSED_FUNCTION = YES;
				GCC_WARN_UNUSED_VARIABLE = YES;
				IPHONEOS_DEPLOYMENT_TARGET = 10.0;
				MTL_ENABLE_DEBUG_INFO = YES;
				ONLY_ACTIVE_ARCH = YES;
				SDKROOT = iphoneos;
				TARGETED_DEVICE_FAMILY = "1,2";
			};
			name = Debug;
		};
		037DC1D31DF669930039122E /* Release */ = {
			isa = XCBuildConfiguration;
			buildSettings = {
				ALWAYS_SEARCH_USER_PATHS = NO;
				CLANG_ANALYZER_NONNULL = YES;
				CLANG_CXX_LANGUAGE_STANDARD = "gnu++0x";
				CLANG_CXX_LIBRARY = "libc++";
				CLANG_ENABLE_MODULES = YES;
				CLANG_ENABLE_OBJC_ARC = YES;
				CLANG_WARN_BOOL_CONVERSION = YES;
				CLANG_WARN_CONSTANT_CONVERSION = YES;
				CLANG_WARN_DIRECT_OBJC_ISA_USAGE = YES_ERROR;
				CLANG_WARN_DOCUMENTATION_COMMENTS = YES;
				CLANG_WARN_EMPTY_BODY = YES;
				CLANG_WARN_ENUM_CONVERSION = YES;
				CLANG_WARN_INFINITE_RECURSION = YES;
				CLANG_WARN_INT_CONVERSION = YES;
				CLANG_WARN_OBJC_ROOT_CLASS = YES_ERROR;
				CLANG_WARN_SUSPICIOUS_MOVES = YES;
				CLANG_WARN_UNREACHABLE_CODE = YES;
				CLANG_WARN__DUPLICATE_METHOD_MATCH = YES;
				"CODE_SIGN_IDENTITY[sdk=iphoneos*]" = "iPhone Developer";
				COPY_PHASE_STRIP = NO;
				DEBUG_INFORMATION_FORMAT = "dwarf-with-dsym";
				ENABLE_NS_ASSERTIONS = NO;
				ENABLE_STRICT_OBJC_MSGSEND = YES;
				GCC_C_LANGUAGE_STANDARD = gnu99;
				GCC_NO_COMMON_BLOCKS = YES;
				GCC_WARN_64_TO_32_BIT_CONVERSION = YES;
				GCC_WARN_ABOUT_RETURN_TYPE = YES_ERROR;
				GCC_WARN_UNDECLARED_SELECTOR = YES;
				GCC_WARN_UNINITIALIZED_AUTOS = YES_AGGRESSIVE;
				GCC_WARN_UNUSED_FUNCTION = YES;
				GCC_WARN_UNUSED_VARIABLE = YES;
				IPHONEOS_DEPLOYMENT_TARGET = 10.0;
				MTL_ENABLE_DEBUG_INFO = NO;
				SDKROOT = iphoneos;
				TARGETED_DEVICE_FAMILY = "1,2";
				VALIDATE_PRODUCT = YES;
			};
			name = Release;
		};
		037DC1D51DF669930039122E /* Debug */ = {
			isa = XCBuildConfiguration;
			baseConfigurationReference = A8E63CD244BD2C08931B3305 /* Pods-SRMAPIHelper.debug.xcconfig */;
			buildSettings = {
				ASSETCATALOG_COMPILER_APPICON_NAME = AppIcon;
				INFOPLIST_FILE = SRMAPIHelper/Info.plist;
				LD_RUNPATH_SEARCH_PATHS = "$(inherited) @executable_path/Frameworks";
				PRODUCT_BUNDLE_IDENTIFIER = com.sr.SRMAPIHelper;
				PRODUCT_NAME = "$(TARGET_NAME)";
			};
			name = Debug;
		};
		037DC1D61DF669930039122E /* Release */ = {
			isa = XCBuildConfiguration;
			baseConfigurationReference = 8914D75DB0693DC0E4EC2DC0 /* Pods-SRMAPIHelper.release.xcconfig */;
			buildSettings = {
				ASSETCATALOG_COMPILER_APPICON_NAME = AppIcon;
				INFOPLIST_FILE = SRMAPIHelper/Info.plist;
				LD_RUNPATH_SEARCH_PATHS = "$(inherited) @executable_path/Frameworks";
				PRODUCT_BUNDLE_IDENTIFIER = com.sr.SRMAPIHelper;
				PRODUCT_NAME = "$(TARGET_NAME)";
			};
			name = Release;
		};
/* End XCBuildConfiguration section */

/* Begin XCConfigurationList section */
		032DF36F1E0A867500AC2B5C /* Build configuration list for PBXNativeTarget "SRMAPIHelperTests" */ = {
			isa = XCConfigurationList;
			buildConfigurations = (
				032DF3701E0A867500AC2B5C /* Debug */,
				032DF3711E0A867500AC2B5C /* Release */,
			);
			defaultConfigurationIsVisible = 0;
			defaultConfigurationName = Release;
		};
		037DC1B81DF669930039122E /* Build configuration list for PBXProject "SRMAPIHelper" */ = {
			isa = XCConfigurationList;
			buildConfigurations = (
				037DC1D21DF669930039122E /* Debug */,
				037DC1D31DF669930039122E /* Release */,
			);
			defaultConfigurationIsVisible = 0;
			defaultConfigurationName = Release;
		};
		037DC1D41DF669930039122E /* Build configuration list for PBXNativeTarget "SRMAPIHelper" */ = {
			isa = XCConfigurationList;
			buildConfigurations = (
				037DC1D51DF669930039122E /* Debug */,
				037DC1D61DF669930039122E /* Release */,
			);
			defaultConfigurationIsVisible = 0;
			defaultConfigurationName = Release;
		};
/* End XCConfigurationList section */
	};
	rootObject = 037DC1B51DF669930039122E /* Project object */;
}
